<?xml version="1.0" encoding="utf-8"?>
<Project ToolsVersion="4.0" xmlns="http://schemas.microsoft.com/developer/msbuild/2003">
  <ItemGroup>
    <Filter Include="Source Files">
      <UniqueIdentifier>{4FC737F1-C7A5-4376-A066-2A32D752A2FF}</UniqueIdentifier>
      <Extensions>cpp;c;cc;cxx;def;odl;idl;hpj;bat;asm;asmx</Extensions>
    </Filter>
    <Filter Include="Header Files">
      <UniqueIdentifier>{93995380-89BD-4b04-88EB-625FBE52EBFB}</UniqueIdentifier>
      <Extensions>h;hh;hpp;hxx;hm;inl;inc;xsd</Extensions>
    </Filter>
    <Filter Include="Resource Files">
      <UniqueIdentifier>{67DA6AB6-F800-4c08-8B7A-83BB121AAD01}</UniqueIdentifier>
      <Extensions>rc;ico;cur;bmp;dlg;rc2;rct;bin;rgs;gif;jpg;jpeg;jpe;resx;tiff;tif;png;wav;mfcribbon-ms</Extensions>
    </Filter>
    <Filter Include="Header Files\Utilities">
      <UniqueIdentifier>{9e4be76d-5de7-4bbb-a10d-520507a0b2a7}</UniqueIdentifier>
    </Filter>
    <Filter Include="Source Files\Utilities">
      <UniqueIdentifier>{2b898f6c-65de-4a5b-a329-4c6462eb3ad9}</UniqueIdentifier>
    </Filter>
    <Filter Include="Source Files\GUI">
      <UniqueIdentifier>{2710a759-306d-4781-b98d-43827a404150}</UniqueIdentifier>
    </Filter>
    <Filter Include="Header Files\GUI">
      <UniqueIdentifier>{c31a9762-1b55-45ad-a7e4-f32f2cdf7fab}</UniqueIdentifier>
    </Filter>
    <Filter Include="Header Files\ChatRoom">
      <UniqueIdentifier>{410a0f36-ec3e-4c7d-9bd3-93219d2af00e}</UniqueIdentifier>
    </Filter>
    <Filter Include="Source Files\ChatRoom">
      <UniqueIdentifier>{61ce792d-6514-4a9c-b84c-239e76c28c2b}</UniqueIdentifier>
    </Filter>
    <Filter Include="Source Files\ClientBackEnd">
      <UniqueIdentifier>{64f70775-fe0d-4104-ad9d-0da1a5b3b510}</UniqueIdentifier>
    </Filter>
    <Filter Include="Header Files\ClientBackEnd">
      <UniqueIdentifier>{8a20dee9-f4f9-44e4-a252-5fc5ad1ef625}</UniqueIdentifier>
    </Filter>
  </ItemGroup>
  <ItemGroup>
    <ClCompile Include="IniManager.cpp">
      <Filter>Source Files\Utilities</Filter>
    </ClCompile>
    <ClCompile Include="Logger.cpp">
      <Filter>Source Files\Utilities</Filter>
    </ClCompile>
    <ClCompile Include="main.cpp">
      <Filter>Source Files</Filter>
    </ClCompile>
    <ClCompile Include="PacketHandler.cpp">
      <Filter>Source Files</Filter>
    </ClCompile>
    <ClCompile Include="Pending.cpp">
      <Filter>Source Files</Filter>
    </ClCompile>
    <ClCompile Include="SocketWrapper.cpp">
      <Filter>Source Files</Filter>
    </ClCompile>
    <ClCompile Include="MurmurHash3.cpp">
      <Filter>Source Files</Filter>
    </ClCompile>
    <ClCompile Include="Encrypter.cpp">
      <Filter>Source Files</Filter>
    </ClCompile>
    <ClCompile Include="IPAddress.cpp">
      <Filter>Source Files</Filter>
    </ClCompile>
    <ClCompile Include="Server.cpp">
      <Filter>Source Files</Filter>
    </ClCompile>
    <ClCompile Include="Renderer.cpp">
      <Filter>Source Files\GUI</Filter>
    </ClCompile>
    <ClCompile Include="TextBox.cpp">
      <Filter>Source Files\GUI</Filter>
    </ClCompile>
    <ClCompile Include="DynamicTextBox.cpp">
      <Filter>Source Files\GUI</Filter>
    </ClCompile>
    <ClCompile Include="User.cpp">
      <Filter>Source Files\ChatRoom</Filter>
    </ClCompile>
    <ClCompile Include="Room.cpp">
      <Filter>Source Files\ChatRoom</Filter>
    </ClCompile>
    <ClCompile Include="CBE.cpp">
      <Filter>Source Files\ClientBackEnd</Filter>
    </ClCompile>
    <ClCompile Include="ChatParser.cpp">
      <Filter>Source Files\ClientBackEnd</Filter>
    </ClCompile>
    <ClCompile Include="CommandManager.cpp">
      <Filter>Source Files\ClientBackEnd</Filter>
    </ClCompile>
  </ItemGroup>
  <ItemGroup>
    <ClInclude Include="SocketWrapper.h">
      <Filter>Header Files</Filter>
    </ClInclude>
    <ClInclude Include="ABPacket.h">
      <Filter>Header Files</Filter>
    </ClInclude>
    <ClInclude Include="Encrypter.h">
      <Filter>Header Files\Utilities</Filter>
    </ClInclude>
    <ClInclude Include="IniManager.h">
      <Filter>Header Files\Utilities</Filter>
    </ClInclude>
    <ClInclude Include="Logger.h">
      <Filter>Header Files\Utilities</Filter>
    </ClInclude>
    <ClInclude Include="PacketHandler.h">
      <Filter>Header Files</Filter>
    </ClInclude>
    <ClInclude Include="Packets.h">
      <Filter>Header Files</Filter>
    </ClInclude>
    <ClInclude Include="Pending.h">
      <Filter>Header Files</Filter>
    </ClInclude>
    <ClInclude Include="resource.h">
      <Filter>Header Files</Filter>
    </ClInclude>
    <ClInclude Include="ServerInfo.h">
      <Filter>Header Files</Filter>
    </ClInclude>
    <ClInclude Include="MurmurHash3.h">
      <Filter>Header Files</Filter>
    </ClInclude>
    <ClInclude Include="IPAddress.h">
      <Filter>Header Files</Filter>
    </ClInclude>
    <ClInclude Include="Server.h">
      <Filter>Header Files</Filter>
    </ClInclude>
    <ClInclude Include="Renderer.h">
      <Filter>Header Files\GUI</Filter>
    </ClInclude>
    <ClInclude Include="TextBox.h">
      <Filter>Header Files\GUI</Filter>
    </ClInclude>
    <ClInclude Include="DynamicTextBox.h">
      <Filter>Header Files\GUI</Filter>
    </ClInclude>
    <ClInclude Include="User.h">
      <Filter>Header Files\ChatRoom</Filter>
    </ClInclude>
    <ClInclude Include="Room.h">
      <Filter>Header Files\ChatRoom</Filter>
    </ClInclude>
    <ClInclude Include="CommandManager.h">
      <Filter>Header Files\ClientBackEnd</Filter>
    </ClInclude>
    <ClInclude Include="ChatParser.h">
      <Filter>Header Files\ClientBackEnd</Filter>
    </ClInclude>
    <ClInclude Include="CBE.h">
      <Filter>Header Files\ClientBackEnd</Filter>
    </ClInclude>
  </ItemGroup>
</Project>